
Microsoft Visual Studio Solution File, Format Version 12.00
# Visual Studio 15
VisualStudioVersion = 15.0.26730.16
MinimumVisualStudioVersion = 10.0.40219.1
Project("{FAE04EC0-301F-11D3-BF4B-00C04F79EFBC}") = "CCC-27-Rathaus", "CCC-27-Rathaus\CCC-27-Rathaus.csproj", "{87C5C6AE-5C11-4CDE-8126-B210BF19FAF4}"
EndProject
Project("{FAE04EC0-301F-11D3-BF4B-00C04F79EFBC}") = "BaseStuff", "..\..\BaseStuff\BaseStuff\BaseStuff.csproj", "{03BABF37-FA46-438D-8F8B-DEB3DA2E5AF6}"
EndProject
Global
	GlobalSection(SolutionConfigurationPlatforms) = preSolution
		Debug|Any CPU = Debug|Any CPU
		Release|Any CPU = Release|Any CPU
	EndGlobalSection
	GlobalSection(ProjectConfigurationPlatforms) = postSolution
		{87C5C6AE-5C11-4CDE-8126-B210BF19FAF4}.Debug|Any CPU.ActiveCfg = Debug|Any CPU
		{87C5C6AE-5C11-4CDE-8126-B210BF19FAF4}.Debug|Any CPU.Build.0 = Debug|Any CPU
		{87C5C6AE-5C11-4CDE-8126-B210BF19FAF4}.Release|Any CPU.ActiveCfg = Release|Any CPU
		{87C5C6AE-5C11-4CDE-8126-B210BF19FAF4}.Release|Any CPU.Build.0 = Release|Any CPU
		{03BABF37-FA46-438D-8F8B-DEB3DA2E5AF6}.Debug|Any CPU.ActiveCfg = Debug|Any CPU
		{03BABF37-FA46-438D-8F8B-DEB3DA2E5AF6}.Debug|Any CPU.Build.0 = Debug|Any CPU
		{03BABF37-FA46-438D-8F8B-DEB3DA2E5AF6}.Release|Any CPU.ActiveCfg = Release|Any CPU
		{03BABF37-FA46-438D-8F8B-DEB3DA2E5AF6}.Release|Any CPU.Build.0 = Release|Any CPU
	EndGlobalSection
	GlobalSection(SolutionProperties) = preSolution
		HideSolutionNode = FALSE
	EndGlobalSection
	GlobalSection(ExtensibilityGlobals) = postSolution
		SolutionGuid = {EFA0B6BA-4588-4721-BDBB-C6412E68122F}
	EndGlobalSection
EndGlobal
