
Microsoft Visual Studio Solution File, Format Version 12.00
# Visual Studio 15
VisualStudioVersion = 15.0.26228.10
MinimumVisualStudioVersion = 10.0.40219.1
Project("{FAE04EC0-301F-11D3-BF4B-00C04F79EFBC}") = "BaseStuff", "BaseStuff\BaseStuff.csproj", "{03BABF37-FA46-438D-8F8B-DEB3DA2E5AF6}"
EndProject
Project("{FAE04EC0-301F-11D3-BF4B-00C04F79EFBC}") = "TcpIpEchoServerConsole", "TcpIpEchoServerConsole\TcpIpEchoServerConsole.csproj", "{8AD49E52-DA4F-49BC-ADBC-D2D7A4C5D701}"
EndProject
Project("{FAE04EC0-301F-11D3-BF4B-00C04F79EFBC}") = "TcpIpTextClientConsole", "TcpIpTextClientConsole\TcpIpTextClientConsole.csproj", "{9686BA22-1DC0-4572-8B99-191693B2545D}"
EndProject
Project("{FAE04EC0-301F-11D3-BF4B-00C04F79EFBC}") = "BaseStuffForms", "BaseStuffForms\BaseStuffForms.csproj", "{631A903B-7350-42DE-A26C-64CACEB3FCFE}"
EndProject
Global
	GlobalSection(SolutionConfigurationPlatforms) = preSolution
		Debug|Any CPU = Debug|Any CPU
		Release|Any CPU = Release|Any CPU
	EndGlobalSection
	GlobalSection(ProjectConfigurationPlatforms) = postSolution
		{03BABF37-FA46-438D-8F8B-DEB3DA2E5AF6}.Debug|Any CPU.ActiveCfg = Debug|Any CPU
		{03BABF37-FA46-438D-8F8B-DEB3DA2E5AF6}.Debug|Any CPU.Build.0 = Debug|Any CPU
		{03BABF37-FA46-438D-8F8B-DEB3DA2E5AF6}.Release|Any CPU.ActiveCfg = Release|Any CPU
		{03BABF37-FA46-438D-8F8B-DEB3DA2E5AF6}.Release|Any CPU.Build.0 = Release|Any CPU
		{8AD49E52-DA4F-49BC-ADBC-D2D7A4C5D701}.Debug|Any CPU.ActiveCfg = Debug|Any CPU
		{8AD49E52-DA4F-49BC-ADBC-D2D7A4C5D701}.Debug|Any CPU.Build.0 = Debug|Any CPU
		{8AD49E52-DA4F-49BC-ADBC-D2D7A4C5D701}.Release|Any CPU.ActiveCfg = Release|Any CPU
		{8AD49E52-DA4F-49BC-ADBC-D2D7A4C5D701}.Release|Any CPU.Build.0 = Release|Any CPU
		{9686BA22-1DC0-4572-8B99-191693B2545D}.Debug|Any CPU.ActiveCfg = Debug|Any CPU
		{9686BA22-1DC0-4572-8B99-191693B2545D}.Debug|Any CPU.Build.0 = Debug|Any CPU
		{9686BA22-1DC0-4572-8B99-191693B2545D}.Release|Any CPU.ActiveCfg = Release|Any CPU
		{9686BA22-1DC0-4572-8B99-191693B2545D}.Release|Any CPU.Build.0 = Release|Any CPU
		{631A903B-7350-42DE-A26C-64CACEB3FCFE}.Debug|Any CPU.ActiveCfg = Debug|Any CPU
		{631A903B-7350-42DE-A26C-64CACEB3FCFE}.Debug|Any CPU.Build.0 = Debug|Any CPU
		{631A903B-7350-42DE-A26C-64CACEB3FCFE}.Release|Any CPU.ActiveCfg = Release|Any CPU
		{631A903B-7350-42DE-A26C-64CACEB3FCFE}.Release|Any CPU.Build.0 = Release|Any CPU
	EndGlobalSection
	GlobalSection(SolutionProperties) = preSolution
		HideSolutionNode = FALSE
	EndGlobalSection
EndGlobal
